
Microsoft Visual Studio Solution File, Format Version 12.00
# Visual Studio Version 16
VisualStudioVersion = 16.0.30621.155
MinimumVisualStudioVersion = 10.0.40219.1
Project("{FAE04EC0-301F-11D3-BF4B-00C04F79EFBC}") = "Testing NN", "Testing NN\Testing NN.csproj", "{C9A5B802-5DA0-4B17-8A32-5071D01BFDA7}"
EndProject
Global
	GlobalSection(SolutionConfigurationPlatforms) = preSolution
		Debug|Any CPU = Debug|Any CPU
		Release|Any CPU = Release|Any CPU
	EndGlobalSection
	GlobalSection(ProjectConfigurationPlatforms) = postSolution
		{C9A5B802-5DA0-4B17-8A32-5071D01BFDA7}.Debug|Any CPU.ActiveCfg = Debug|Any CPU
		{C9A5B802-5DA0-4B17-8A32-5071D01BFDA7}.Debug|Any CPU.Build.0 = Debug|Any CPU
		{C9A5B802-5DA0-4B17-8A32-5071D01BFDA7}.Release|Any CPU.ActiveCfg = Release|Any CPU
		{C9A5B802-5DA0-4B17-8A32-5071D01BFDA7}.Release|Any CPU.Build.0 = Release|Any CPU
	EndGlobalSection
	GlobalSection(SolutionProperties) = preSolution
		HideSolutionNode = FALSE
	EndGlobalSection
	GlobalSection(ExtensibilityGlobals) = postSolution
		SolutionGuid = {9F7B1771-1EF5-4BA8-AD9E-9D612A7CEF6E}
	EndGlobalSection
EndGlobal
